// !$*UTF8*$!
{
	archiveVersion = 1;
	classes = {
	};
	objectVersion = 77;
	objects = {

/* Begin PBXBuildFile section */
		0DD636CAD4A440503CAC2420 /* RootView.swift in Sources */ = {isa = PBXBuildFile; fileRef = DF617C568A548DFFF20C6C65 /* RootView.swift */; };
		1009597984A7B6F1E546E228 /* CalmTheme.swift in Sources */ = {isa = PBXBuildFile; fileRef = B7B3516DCAB6DB2FC1C4B1A1 /* CalmTheme.swift */; };
		18727926269C5EF5D17B7054 /* GentleResetApp.swift in Sources */ = {isa = PBXBuildFile; fileRef = 23D92089FDA29DECA3EF0325 /* GentleResetApp.swift */; };
		83DBAD816F233CDA362B8F13 /* ResetState.swift in Sources */ = {isa = PBXBuildFile; fileRef = E68B3F1479583D8C4AA28343 /* ResetState.swift */; };
		9109651F377B927F993D3C26 /* ReminderService.swift in Sources */ = {isa = PBXBuildFile; fileRef = 5120C76854AD9098BE883277 /* ReminderService.swift */; };
		9DB6FF99E591E27B2668FC88 /* GentleResetUITests.swift in Sources */ = {isa = PBXBuildFile; fileRef = 6A7ADCA4C71880E04C5C8E94 /* GentleResetUITests.swift */; };
		B99F73F18F0D2995168BFD90 /* Haptics.swift in Sources */ = {isa = PBXBuildFile; fileRef = 249C03A16EA9014AAD3605FC /* Haptics.swift */; };
		C54D17A5CEC1EC3F6FDB7A4B /* EverythingModeViewModel.swift in Sources */ = {isa = PBXBuildFile; fileRef = 7440A3AEB75FEA09E4C0FB3C /* EverythingModeViewModel.swift */; };
		E4FBA9B19CFFB0D42E9E62D9 /* Assets.xcassets in Resources */ = {isa = PBXBuildFile; fileRef = 432A893E3D13F1763A317BBD /* Assets.xcassets */; };
/* End PBXBuildFile section */

/* Begin PBXContainerItemProxy section */
		A5D2F9527981481178C33307 /* PBXContainerItemProxy */ = {
			isa = PBXContainerItemProxy;
			containerPortal = 0FC468B03088FA9D88B2A519 /* Project object */;
			proxyType = 1;
			remoteGlobalIDString = 1D984B9462BA0BC0ED15A7F0;
			remoteInfo = GentleReset;
		};
/* End PBXContainerItemProxy section */

/* Begin PBXFileReference section */
		23D92089FDA29DECA3EF0325 /* GentleResetApp.swift */ = {isa = PBXFileReference; lastKnownFileType = sourcecode.swift; path = GentleResetApp.swift; sourceTree = "<group>"; };
		249C03A16EA9014AAD3605FC /* Haptics.swift */ = {isa = PBXFileReference; lastKnownFileType = sourcecode.swift; path = Haptics.swift; sourceTree = "<group>"; };
		432A893E3D13F1763A317BBD /* Assets.xcassets */ = {isa = PBXFileReference; lastKnownFileType = folder.assetcatalog; path = Assets.xcassets; sourceTree = "<group>"; };
		5120C76854AD9098BE883277 /* ReminderService.swift */ = {isa = PBXFileReference; lastKnownFileType = sourcecode.swift; path = ReminderService.swift; sourceTree = "<group>"; };
		58DFFA16BE8DF031F7EABD38 /* GentleReset.app */ = {isa = PBXFileReference; includeInIndex = 0; lastKnownFileType = wrapper.application; path = GentleReset.app; sourceTree = BUILT_PRODUCTS_DIR; };
		6A7ADCA4C71880E04C5C8E94 /* GentleResetUITests.swift */ = {isa = PBXFileReference; lastKnownFileType = sourcecode.swift; path = GentleResetUITests.swift; sourceTree = "<group>"; };
		7440A3AEB75FEA09E4C0FB3C /* EverythingModeViewModel.swift */ = {isa = PBXFileReference; lastKnownFileType = sourcecode.swift; path = EverythingModeViewModel.swift; sourceTree = "<group>"; };
		B7B3516DCAB6DB2FC1C4B1A1 /* CalmTheme.swift */ = {isa = PBXFileReference; lastKnownFileType = sourcecode.swift; path = CalmTheme.swift; sourceTree = "<group>"; };
		D96EB3F8CD16B3B87CB9B97B /* GentleResetUITests.xctest */ = {isa = PBXFileReference; includeInIndex = 0; lastKnownFileType = wrapper.cfbundle; path = GentleResetUITests.xctest; sourceTree = BUILT_PRODUCTS_DIR; };
		DF617C568A548DFFF20C6C65 /* RootView.swift */ = {isa = PBXFileReference; lastKnownFileType = sourcecode.swift; path = RootView.swift; sourceTree = "<group>"; };
		E68B3F1479583D8C4AA28343 /* ResetState.swift */ = {isa = PBXFileReference; lastKnownFileType = sourcecode.swift; path = ResetState.swift; sourceTree = "<group>"; };
/* End PBXFileReference section */

/* Begin PBXGroup section */
		04018CA2F8CFD6311B4ACE1F /* Resources */ = {
			isa = PBXGroup;
			children = (
				432A893E3D13F1763A317BBD /* Assets.xcassets */,
			);
			path = Resources;
			sourceTree = "<group>";
		};
		0B6D4140E2285C698636659E /* ViewModel */ = {
			isa = PBXGroup;
			children = (
				7440A3AEB75FEA09E4C0FB3C /* EverythingModeViewModel.swift */,
			);
			path = ViewModel;
			sourceTree = "<group>";
		};
		1FD17729F012389F8FE469EA /* Services */ = {
			isa = PBXGroup;
			children = (
				5120C76854AD9098BE883277 /* ReminderService.swift */,
			);
			path = Services;
			sourceTree = "<group>";
		};
		1FF75F0379748A6E8D156096 /* Model */ = {
			isa = PBXGroup;
			children = (
				E68B3F1479583D8C4AA28343 /* ResetState.swift */,
			);
			path = Model;
			sourceTree = "<group>";
		};
		3D961ABBEDB49C45B1EA9E02 /* GentleResetUITests */ = {
			isa = PBXGroup;
			children = (
				6A7ADCA4C71880E04C5C8E94 /* GentleResetUITests.swift */,
			);
			path = GentleResetUITests;
			sourceTree = "<group>";
		};
		8DE6F522894C4C1AC06B4808 /* Style */ = {
			isa = PBXGroup;
			children = (
				B7B3516DCAB6DB2FC1C4B1A1 /* CalmTheme.swift */,
				249C03A16EA9014AAD3605FC /* Haptics.swift */,
			);
			path = Style;
			sourceTree = "<group>";
		};
		9165D4F89E1E8427DB94C0A5 /* App */ = {
			isa = PBXGroup;
			children = (
				23D92089FDA29DECA3EF0325 /* GentleResetApp.swift */,
				DF617C568A548DFFF20C6C65 /* RootView.swift */,
			);
			path = App;
			sourceTree = "<group>";
		};
		D671D36020E29873FF319A87 /* GentleReset */ = {
			isa = PBXGroup;
			children = (
				9165D4F89E1E8427DB94C0A5 /* App */,
				1FF75F0379748A6E8D156096 /* Model */,
				04018CA2F8CFD6311B4ACE1F /* Resources */,
				1FD17729F012389F8FE469EA /* Services */,
				8DE6F522894C4C1AC06B4808 /* Style */,
				0B6D4140E2285C698636659E /* ViewModel */,
			);
			path = GentleReset;
			sourceTree = "<group>";
		};
		DF5182A4EC222BC09620D7AF = {
			isa = PBXGroup;
			children = (
				D671D36020E29873FF319A87 /* GentleReset */,
				3D961ABBEDB49C45B1EA9E02 /* GentleResetUITests */,
				FFDF85117884BE273CF21C8F /* Products */,
			);
			sourceTree = "<group>";
		};
		FFDF85117884BE273CF21C8F /* Products */ = {
			isa = PBXGroup;
			children = (
				58DFFA16BE8DF031F7EABD38 /* GentleReset.app */,
				D96EB3F8CD16B3B87CB9B97B /* GentleResetUITests.xctest */,
			);
			name = Products;
			sourceTree = "<group>";
		};
/* End PBXGroup section */

/* Begin PBXNativeTarget section */
		1D984B9462BA0BC0ED15A7F0 /* GentleReset */ = {
			isa = PBXNativeTarget;
			buildConfigurationList = 27E1DE3D26E16344E3E1BC9A /* Build configuration list for PBXNativeTarget "GentleReset" */;
			buildPhases = (
				489C75E71CA3931293386458 /* Sources */,
				2ED47F1CC8788390241A711C /* Resources */,
			);
			buildRules = (
			);
			dependencies = (
			);
			name = GentleReset;
			packageProductDependencies = (
			);
			productName = GentleReset;
			productReference = 58DFFA16BE8DF031F7EABD38 /* GentleReset.app */;
			productType = "com.apple.product-type.application";
		};
		31F163A50A21AA1D7368295B /* GentleResetUITests */ = {
			isa = PBXNativeTarget;
			buildConfigurationList = 18BDC0F73D30B595041C1658 /* Build configuration list for PBXNativeTarget "GentleResetUITests" */;
			buildPhases = (
				EE57442C802F1FB3D97F4E80 /* Sources */,
			);
			buildRules = (
			);
			dependencies = (
				B3B3DADBB35D13576D12CBF9 /* PBXTargetDependency */,
			);
			name = GentleResetUITests;
			packageProductDependencies = (
			);
			productName = GentleResetUITests;
			productReference = D96EB3F8CD16B3B87CB9B97B /* GentleResetUITests.xctest */;
			productType = "com.apple.product-type.bundle.ui-testing";
		};
/* End PBXNativeTarget section */

/* Begin PBXProject section */
		0FC468B03088FA9D88B2A519 /* Project object */ = {
			isa = PBXProject;
			attributes = {
				BuildIndependentTargetsInParallel = YES;
				LastUpgradeCheck = 1430;
				TargetAttributes = {
					1D984B9462BA0BC0ED15A7F0 = {
						DevelopmentTeam = 7ER7B4U7Y5;
						ProvisioningStyle = Automatic;
					};
					31F163A50A21AA1D7368295B = {
						DevelopmentTeam = 7ER7B4U7Y5;
						ProvisioningStyle = Automatic;
						TestTargetID = 1D984B9462BA0BC0ED15A7F0;
					};
				};
			};
			buildConfigurationList = A50055857BEF43044ED039F6 /* Build configuration list for PBXProject "GentleReset" */;
			compatibilityVersion = "Xcode 14.0";
			developmentRegion = en;
			hasScannedForEncodings = 0;
			knownRegions = (
				Base,
				en,
			);
			mainGroup = DF5182A4EC222BC09620D7AF;
			minimizedProjectReferenceProxies = 1;
			preferredProjectObjectVersion = 77;
			projectDirPath = "";
			projectRoot = "";
			targets = (
				1D984B9462BA0BC0ED15A7F0 /* GentleReset */,
				31F163A50A21AA1D7368295B /* GentleResetUITests */,
			);
		};
/* End PBXProject section */

/* Begin PBXResourcesBuildPhase section */
		2ED47F1CC8788390241A711C /* Resources */ = {
			isa = PBXResourcesBuildPhase;
			buildActionMask = 2147483647;
			files = (
				E4FBA9B19CFFB0D42E9E62D9 /* Assets.xcassets in Resources */,
			);
			runOnlyForDeploymentPostprocessing = 0;
		};
/* End PBXResourcesBuildPhase section */

/* Begin PBXSourcesBuildPhase section */
		489C75E71CA3931293386458 /* Sources */ = {
			isa = PBXSourcesBuildPhase;
			buildActionMask = 2147483647;
			files = (
				1009597984A7B6F1E546E228 /* CalmTheme.swift in Sources */,
				C54D17A5CEC1EC3F6FDB7A4B /* EverythingModeViewModel.swift in Sources */,
				18727926269C5EF5D17B7054 /* GentleResetApp.swift in Sources */,
				B99F73F18F0D2995168BFD90 /* Haptics.swift in Sources */,
				9109651F377B927F993D3C26 /* ReminderService.swift in Sources */,
				83DBAD816F233CDA362B8F13 /* ResetState.swift in Sources */,
				0DD636CAD4A440503CAC2420 /* RootView.swift in Sources */,
			);
			runOnlyForDeploymentPostprocessing = 0;
		};
		EE57442C802F1FB3D97F4E80 /* Sources */ = {
			isa = PBXSourcesBuildPhase;
			buildActionMask = 2147483647;
			files = (
				9DB6FF99E591E27B2668FC88 /* GentleResetUITests.swift in Sources */,
			);
			runOnlyForDeploymentPostprocessing = 0;
		};
/* End PBXSourcesBuildPhase section */

/* Begin PBXTargetDependency section */
		B3B3DADBB35D13576D12CBF9 /* PBXTargetDependency */ = {
			isa = PBXTargetDependency;
			target = 1D984B9462BA0BC0ED15A7F0 /* GentleReset */;
			targetProxy = A5D2F9527981481178C33307 /* PBXContainerItemProxy */;
		};
/* End PBXTargetDependency section */

/* Begin XCBuildConfiguration section */
		3199E397E4A2C9BD3C29532C /* Release */ = {
			isa = XCBuildConfiguration;
			buildSettings = {
				ALWAYS_SEARCH_USER_PATHS = NO;
				CLANG_ANALYZER_NONNULL = YES;
				CLANG_ANALYZER_NUMBER_OBJECT_CONVERSION = YES_AGGRESSIVE;
				CLANG_CXX_LANGUAGE_STANDARD = "gnu++14";
				CLANG_CXX_LIBRARY = "libc++";
				CLANG_ENABLE_MODULES = YES;
				CLANG_ENABLE_OBJC_ARC = YES;
				CLANG_ENABLE_OBJC_WEAK = YES;
				CLANG_WARN_BLOCK_CAPTURE_AUTORELEASING = YES;
				CLANG_WARN_BOOL_CONVERSION = YES;
				CLANG_WARN_COMMA = YES;
				CLANG_WARN_CONSTANT_CONVERSION = YES;
				CLANG_WARN_DEPRECATED_OBJC_IMPLEMENTATIONS = YES;
				CLANG_WARN_DIRECT_OBJC_ISA_USAGE = YES_ERROR;
				CLANG_WARN_DOCUMENTATION_COMMENTS = YES;
				CLANG_WARN_EMPTY_BODY = YES;
				CLANG_WARN_ENUM_CONVERSION = YES;
				CLANG_WARN_INFINITE_RECURSION = YES;
				CLANG_WARN_INT_CONVERSION = YES;
				CLANG_WARN_NON_LITERAL_NULL_CONVERSION = YES;
				CLANG_WARN_OBJC_IMPLICIT_RETAIN_SELF = YES;
				CLANG_WARN_OBJC_LITERAL_CONVERSION = YES;
				CLANG_WARN_OBJC_ROOT_CLASS = YES_ERROR;
				CLANG_WARN_QUOTED_INCLUDE_IN_FRAMEWORK_HEADER = YES;
				CLANG_WARN_RANGE_LOOP_ANALYSIS = YES;
				CLANG_WARN_STRICT_PROTOTYPES = YES;
				CLANG_WARN_SUSPICIOUS_MOVE = YES;
				CLANG_WARN_UNGUARDED_AVAILABILITY = YES_AGGRESSIVE;
				CLANG_WARN_UNREACHABLE_CODE = YES;
				CLANG_WARN__DUPLICATE_METHOD_MATCH = YES;
				CODE_SIGN_STYLE = Automatic;
				COPY_PHASE_STRIP = NO;
				DEBUG_INFORMATION_FORMAT = "dwarf-with-dsym";
				DEVELOPMENT_TEAM = 7ER7B4U7Y5;
				ENABLE_NS_ASSERTIONS = NO;
				ENABLE_STRICT_OBJC_MSGSEND = YES;
				GCC_C_LANGUAGE_STANDARD = gnu11;
				GCC_NO_COMMON_BLOCKS = YES;
				GCC_WARN_64_TO_32_BIT_CONVERSION = YES;
				GCC_WARN_ABOUT_RETURN_TYPE = YES_ERROR;
				GCC_WARN_UNDECLARED_SELECTOR = YES;
				GCC_WARN_UNINITIALIZED_AUTOS = YES_AGGRESSIVE;
				GCC_WARN_UNUSED_FUNCTION = YES;
				GCC_WARN_UNUSED_VARIABLE = YES;
				GENERATE_INFOPLIST_FILE = YES;
				IPHONEOS_DEPLOYMENT_TARGET = 17.0;
				MTL_ENABLE_DEBUG_INFO = NO;
				MTL_FAST_MATH = YES;
				PRODUCT_NAME = GentleReset;
				SDKROOT = iphoneos;
				SUPPORTS_MACCATALYST = NO;
				SWIFT_COMPILATION_MODE = wholemodule;
				SWIFT_OPTIMIZATION_LEVEL = "-O";
				SWIFT_VERSION = 5.10;
				TARGETED_DEVICE_FAMILY = 1;
			};
			name = Release;
		};
		4B6EDC2FE9063B5B5914CB10 /* Release */ = {
			isa = XCBuildConfiguration;
			buildSettings = {
				ASSETCATALOG_COMPILER_APPICON_NAME = AppIcon;
				CODE_SIGN_IDENTITY = "iPhone Developer";
				INFOPLIST_KEY_UIApplicationSceneManifest_Generation = YES;
				INFOPLIST_KEY_UILaunchScreen_Generation = YES;
				INFOPLIST_KEY_UIRequiresFullScreen = YES;
				INFOPLIST_KEY_UISupportedInterfaceOrientations_iPhone = UIInterfaceOrientationPortrait;
				LD_RUNPATH_SEARCH_PATHS = (
					"$(inherited)",
					"@executable_path/Frameworks",
				);
				PRODUCT_BUNDLE_IDENTIFIER = com.philshobo.GentleReset;
				SDKROOT = iphoneos;
				TARGETED_DEVICE_FAMILY = 1;
			};
			name = Release;
		};
		6C0B4C5508328608E16C31EF /* Release */ = {
			isa = XCBuildConfiguration;
			buildSettings = {
				BUNDLE_LOADER = "$(TEST_HOST)";
				LD_RUNPATH_SEARCH_PATHS = (
					"$(inherited)",
					"@executable_path/Frameworks",
					"@loader_path/Frameworks",
				);
				PRODUCT_BUNDLE_IDENTIFIER = com.philshobo.GentleResetUITests;
				PRODUCT_NAME = GentleResetUITests;
				SDKROOT = iphoneos;
				TARGETED_DEVICE_FAMILY = "1,2";
				TEST_TARGET_NAME = GentleReset;
			};
			name = Release;
		};
		81BA0FEF248F7A0D586DC3EE /* Debug */ = {
			isa = XCBuildConfiguration;
			buildSettings = {
				BUNDLE_LOADER = "$(TEST_HOST)";
				LD_RUNPATH_SEARCH_PATHS = (
					"$(inherited)",
					"@executable_path/Frameworks",
					"@loader_path/Frameworks",
				);
				PRODUCT_BUNDLE_IDENTIFIER = com.philshobo.GentleResetUITests;
				PRODUCT_NAME = GentleResetUITests;
				SDKROOT = iphoneos;
				TARGETED_DEVICE_FAMILY = "1,2";
				TEST_TARGET_NAME = GentleReset;
			};
			name = Debug;
		};
		95E7943278A2B688F5E6AC7D /* Debug */ = {
			isa = XCBuildConfiguration;
			buildSettings = {
				ALWAYS_SEARCH_USER_PATHS = NO;
				CLANG_ANALYZER_NONNULL = YES;
				CLANG_ANALYZER_NUMBER_OBJECT_CONVERSION = YES_AGGRESSIVE;
				CLANG_CXX_LANGUAGE_STANDARD = "gnu++14";
				CLANG_CXX_LIBRARY = "libc++";
				CLANG_ENABLE_MODULES = YES;
				CLANG_ENABLE_OBJC_ARC = YES;
				CLANG_ENABLE_OBJC_WEAK = YES;
				CLANG_WARN_BLOCK_CAPTURE_AUTORELEASING = YES;
				CLANG_WARN_BOOL_CONVERSION = YES;
				CLANG_WARN_COMMA = YES;
				CLANG_WARN_CONSTANT_CONVERSION = YES;
				CLANG_WARN_DEPRECATED_OBJC_IMPLEMENTATIONS = YES;
				CLANG_WARN_DIRECT_OBJC_ISA_USAGE = YES_ERROR;
				CLANG_WARN_DOCUMENTATION_COMMENTS = YES;
				CLANG_WARN_EMPTY_BODY = YES;
				CLANG_WARN_ENUM_CONVERSION = YES;
				CLANG_WARN_INFINITE_RECURSION = YES;
				CLANG_WARN_INT_CONVERSION = YES;
				CLANG_WARN_NON_LITERAL_NULL_CONVERSION = YES;
				CLANG_WARN_OBJC_IMPLICIT_RETAIN_SELF = YES;
				CLANG_WARN_OBJC_LITERAL_CONVERSION = YES;
				CLANG_WARN_OBJC_ROOT_CLASS = YES_ERROR;
				CLANG_WARN_QUOTED_INCLUDE_IN_FRAMEWORK_HEADER = YES;
				CLANG_WARN_RANGE_LOOP_ANALYSIS = YES;
				CLANG_WARN_STRICT_PROTOTYPES = YES;
				CLANG_WARN_SUSPICIOUS_MOVE = YES;
				CLANG_WARN_UNGUARDED_AVAILABILITY = YES_AGGRESSIVE;
				CLANG_WARN_UNREACHABLE_CODE = YES;
				CLANG_WARN__DUPLICATE_METHOD_MATCH = YES;
				CODE_SIGN_STYLE = Automatic;
				COPY_PHASE_STRIP = NO;
				DEBUG_INFORMATION_FORMAT = dwarf;
				DEVELOPMENT_TEAM = 7ER7B4U7Y5;
				ENABLE_STRICT_OBJC_MSGSEND = YES;
				ENABLE_TESTABILITY = YES;
				GCC_C_LANGUAGE_STANDARD = gnu11;
				GCC_DYNAMIC_NO_PIC = NO;
				GCC_NO_COMMON_BLOCKS = YES;
				GCC_OPTIMIZATION_LEVEL = 0;
				GCC_PREPROCESSOR_DEFINITIONS = (
					"$(inherited)",
					"DEBUG=1",
				);
				GCC_WARN_64_TO_32_BIT_CONVERSION = YES;
				GCC_WARN_ABOUT_RETURN_TYPE = YES_ERROR;
				GCC_WARN_UNDECLARED_SELECTOR = YES;
				GCC_WARN_UNINITIALIZED_AUTOS = YES_AGGRESSIVE;
				GCC_WARN_UNUSED_FUNCTION = YES;
				GCC_WARN_UNUSED_VARIABLE = YES;
				GENERATE_INFOPLIST_FILE = YES;
				IPHONEOS_DEPLOYMENT_TARGET = 17.0;
				MTL_ENABLE_DEBUG_INFO = INCLUDE_SOURCE;
				MTL_FAST_MATH = YES;
				ONLY_ACTIVE_ARCH = YES;
				PRODUCT_NAME = GentleReset;
				SDKROOT = iphoneos;
				SUPPORTS_MACCATALYST = NO;
				SWIFT_ACTIVE_COMPILATION_CONDITIONS = DEBUG;
				SWIFT_OPTIMIZATION_LEVEL = "-Onone";
				SWIFT_VERSION = 5.10;
				TARGETED_DEVICE_FAMILY = 1;
			};
			name = Debug;
		};
		A8A6DD2EDFA1747F9EFBF3E4 /* Debug */ = {
			isa = XCBuildConfiguration;
			buildSettings = {
				ASSETCATALOG_COMPILER_APPICON_NAME = AppIcon;
				CODE_SIGN_IDENTITY = "iPhone Developer";
				INFOPLIST_KEY_UIApplicationSceneManifest_Generation = YES;
				INFOPLIST_KEY_UILaunchScreen_Generation = YES;
				INFOPLIST_KEY_UIRequiresFullScreen = YES;
				INFOPLIST_KEY_UISupportedInterfaceOrientations_iPhone = UIInterfaceOrientationPortrait;
				LD_RUNPATH_SEARCH_PATHS = (
					"$(inherited)",
					"@executable_path/Frameworks",
				);
				PRODUCT_BUNDLE_IDENTIFIER = com.philshobo.GentleReset;
				SDKROOT = iphoneos;
				TARGETED_DEVICE_FAMILY = 1;
			};
			name = Debug;
		};
/* End XCBuildConfiguration section */

/* Begin XCConfigurationList section */
		18BDC0F73D30B595041C1658 /* Build configuration list for PBXNativeTarget "GentleResetUITests" */ = {
			isa = XCConfigurationList;
			buildConfigurations = (
				81BA0FEF248F7A0D586DC3EE /* Debug */,
				6C0B4C5508328608E16C31EF /* Release */,
			);
			defaultConfigurationIsVisible = 0;
			defaultConfigurationName = Debug;
		};
		27E1DE3D26E16344E3E1BC9A /* Build configuration list for PBXNativeTarget "GentleReset" */ = {
			isa = XCConfigurationList;
			buildConfigurations = (
				A8A6DD2EDFA1747F9EFBF3E4 /* Debug */,
				4B6EDC2FE9063B5B5914CB10 /* Release */,
			);
			defaultConfigurationIsVisible = 0;
			defaultConfigurationName = Debug;
		};
		A50055857BEF43044ED039F6 /* Build configuration list for PBXProject "GentleReset" */ = {
			isa = XCConfigurationList;
			buildConfigurations = (
				95E7943278A2B688F5E6AC7D /* Debug */,
				3199E397E4A2C9BD3C29532C /* Release */,
			);
			defaultConfigurationIsVisible = 0;
			defaultConfigurationName = Debug;
		};
/* End XCConfigurationList section */
	};
	rootObject = 0FC468B03088FA9D88B2A519 /* Project object */;
}
